
Microsoft Visual Studio Solution File, Format Version 12.00
# Visual Studio Version 16
VisualStudioVersion = 16.0.32929.386
MinimumVisualStudioVersion = 10.0.40219.1
Project("{2150E333-8FDC-42A3-9474-1A3956D46DE8}") = "Services", "Services", "{24D5B56C-30E7-422A-9852-FA54CE75BA10}"
EndProject
Project("{2150E333-8FDC-42A3-9474-1A3956D46DE8}") = "Catalog", "Catalog", "{E3FEBFC7-EF54-4289-8A6C-B9E113C9B451}"
EndProject
Project("{9A19103F-16F7-4668-BE54-9A1E7A4F7556}") = "Catalog.API", "Services\Catalog\Catalog.API\Catalog.API.csproj", "{2D1A4810-EB19-4194-BCB5-F67E7CE4A0F7}"
EndProject
Project("{E53339B2-1760-4266-BCC7-CA923CBCF16C}") = "docker-compose", "docker-compose.dcproj", "{65491581-2CFA-4834-8965-C75F316F0647}"
EndProject
Project("{2150E333-8FDC-42A3-9474-1A3956D46DE8}") = "Basket", "Basket", "{B1A1074C-7B72-4272-AE00-DEF008C87D7F}"
EndProject
Project("{9A19103F-16F7-4668-BE54-9A1E7A4F7556}") = "Basket.API", "Services\Basket\Basket.API\Basket.API.csproj", "{EEE1CE5A-ECA5-4158-A392-D24BEB3DDCDA}"
EndProject
Project("{2150E333-8FDC-42A3-9474-1A3956D46DE8}") = "Discount", "Discount", "{1FDB6BE3-A71C-48D0-9040-3A78FB3901D4}"
EndProject
Project("{9A19103F-16F7-4668-BE54-9A1E7A4F7556}") = "Discount.API", "Services\Discount\Discount.API\Discount.API.csproj", "{318D1F5C-4C30-4437-BB34-71776B811D0D}"
EndProject
Project("{9A19103F-16F7-4668-BE54-9A1E7A4F7556}") = "Discount.Grpc", "Services\Discount\Discount.Grpc\Discount.Grpc.csproj", "{10C9798A-ECC8-4C5E-8CB7-6D7624EED74C}"
EndProject
Project("{2150E333-8FDC-42A3-9474-1A3956D46DE8}") = "Ordering", "Ordering", "{EE11FB1B-C9FD-4A35-82FA-2945E3194AAE}"
EndProject
Project("{FAE04EC0-301F-11D3-BF4B-00C04F79EFBC}") = "Ordering.API", "Services\Ordering\Ordering.API\Ordering.API.csproj", "{B08CB10B-5728-4233-AE53-A8824B570B7C}"
EndProject
Global
	GlobalSection(SolutionConfigurationPlatforms) = preSolution
		Debug|Any CPU = Debug|Any CPU
		Release|Any CPU = Release|Any CPU
	EndGlobalSection
	GlobalSection(ProjectConfigurationPlatforms) = postSolution
		{2D1A4810-EB19-4194-BCB5-F67E7CE4A0F7}.Debug|Any CPU.ActiveCfg = Debug|Any CPU
		{2D1A4810-EB19-4194-BCB5-F67E7CE4A0F7}.Debug|Any CPU.Build.0 = Debug|Any CPU
		{2D1A4810-EB19-4194-BCB5-F67E7CE4A0F7}.Release|Any CPU.ActiveCfg = Release|Any CPU
		{2D1A4810-EB19-4194-BCB5-F67E7CE4A0F7}.Release|Any CPU.Build.0 = Release|Any CPU
		{65491581-2CFA-4834-8965-C75F316F0647}.Debug|Any CPU.ActiveCfg = Debug|Any CPU
		{65491581-2CFA-4834-8965-C75F316F0647}.Debug|Any CPU.Build.0 = Debug|Any CPU
		{65491581-2CFA-4834-8965-C75F316F0647}.Release|Any CPU.ActiveCfg = Release|Any CPU
		{65491581-2CFA-4834-8965-C75F316F0647}.Release|Any CPU.Build.0 = Release|Any CPU
		{EEE1CE5A-ECA5-4158-A392-D24BEB3DDCDA}.Debug|Any CPU.ActiveCfg = Debug|Any CPU
		{EEE1CE5A-ECA5-4158-A392-D24BEB3DDCDA}.Debug|Any CPU.Build.0 = Debug|Any CPU
		{EEE1CE5A-ECA5-4158-A392-D24BEB3DDCDA}.Release|Any CPU.ActiveCfg = Release|Any CPU
		{EEE1CE5A-ECA5-4158-A392-D24BEB3DDCDA}.Release|Any CPU.Build.0 = Release|Any CPU
		{318D1F5C-4C30-4437-BB34-71776B811D0D}.Debug|Any CPU.ActiveCfg = Debug|Any CPU
		{318D1F5C-4C30-4437-BB34-71776B811D0D}.Debug|Any CPU.Build.0 = Debug|Any CPU
		{318D1F5C-4C30-4437-BB34-71776B811D0D}.Release|Any CPU.ActiveCfg = Release|Any CPU
		{318D1F5C-4C30-4437-BB34-71776B811D0D}.Release|Any CPU.Build.0 = Release|Any CPU
		{10C9798A-ECC8-4C5E-8CB7-6D7624EED74C}.Debug|Any CPU.ActiveCfg = Debug|Any CPU
		{10C9798A-ECC8-4C5E-8CB7-6D7624EED74C}.Debug|Any CPU.Build.0 = Debug|Any CPU
		{10C9798A-ECC8-4C5E-8CB7-6D7624EED74C}.Release|Any CPU.ActiveCfg = Release|Any CPU
		{10C9798A-ECC8-4C5E-8CB7-6D7624EED74C}.Release|Any CPU.Build.0 = Release|Any CPU
		{B08CB10B-5728-4233-AE53-A8824B570B7C}.Debug|Any CPU.ActiveCfg = Debug|Any CPU
		{B08CB10B-5728-4233-AE53-A8824B570B7C}.Debug|Any CPU.Build.0 = Debug|Any CPU
		{B08CB10B-5728-4233-AE53-A8824B570B7C}.Release|Any CPU.ActiveCfg = Release|Any CPU
		{B08CB10B-5728-4233-AE53-A8824B570B7C}.Release|Any CPU.Build.0 = Release|Any CPU
	EndGlobalSection
	GlobalSection(SolutionProperties) = preSolution
		HideSolutionNode = FALSE
	EndGlobalSection
	GlobalSection(NestedProjects) = preSolution
		{E3FEBFC7-EF54-4289-8A6C-B9E113C9B451} = {24D5B56C-30E7-422A-9852-FA54CE75BA10}
		{2D1A4810-EB19-4194-BCB5-F67E7CE4A0F7} = {E3FEBFC7-EF54-4289-8A6C-B9E113C9B451}
		{B1A1074C-7B72-4272-AE00-DEF008C87D7F} = {24D5B56C-30E7-422A-9852-FA54CE75BA10}
		{EEE1CE5A-ECA5-4158-A392-D24BEB3DDCDA} = {B1A1074C-7B72-4272-AE00-DEF008C87D7F}
		{1FDB6BE3-A71C-48D0-9040-3A78FB3901D4} = {24D5B56C-30E7-422A-9852-FA54CE75BA10}
		{318D1F5C-4C30-4437-BB34-71776B811D0D} = {1FDB6BE3-A71C-48D0-9040-3A78FB3901D4}
		{10C9798A-ECC8-4C5E-8CB7-6D7624EED74C} = {1FDB6BE3-A71C-48D0-9040-3A78FB3901D4}
		{EE11FB1B-C9FD-4A35-82FA-2945E3194AAE} = {24D5B56C-30E7-422A-9852-FA54CE75BA10}
		{B08CB10B-5728-4233-AE53-A8824B570B7C} = {EE11FB1B-C9FD-4A35-82FA-2945E3194AAE}
	EndGlobalSection
	GlobalSection(ExtensibilityGlobals) = postSolution
		SolutionGuid = {2008E514-28FA-4351-A595-E74B5856973E}
	EndGlobalSection
EndGlobal
