
Microsoft Visual Studio Solution File, Format Version 12.00
# Visual Studio Version 16
VisualStudioVersion = 16.0.32929.386
MinimumVisualStudioVersion = 10.0.40219.1
Project("{2150E333-8FDC-42A3-9474-1A3956D46DE8}") = "Services", "Services", "{24D5B56C-30E7-422A-9852-FA54CE75BA10}"
EndProject
Project("{2150E333-8FDC-42A3-9474-1A3956D46DE8}") = "Catalog", "Catalog", "{E3FEBFC7-EF54-4289-8A6C-B9E113C9B451}"
EndProject
Project("{9A19103F-16F7-4668-BE54-9A1E7A4F7556}") = "Catalog.API", "Services\Catalog\Catalog.API\Catalog.API.csproj", "{2D1A4810-EB19-4194-BCB5-F67E7CE4A0F7}"
EndProject
Project("{E53339B2-1760-4266-BCC7-CA923CBCF16C}") = "docker-compose", "docker-compose.dcproj", "{65491581-2CFA-4834-8965-C75F316F0647}"
EndProject
Project("{2150E333-8FDC-42A3-9474-1A3956D46DE8}") = "Basket", "Basket", "{B1A1074C-7B72-4272-AE00-DEF008C87D7F}"
EndProject
Project("{9A19103F-16F7-4668-BE54-9A1E7A4F7556}") = "Basket.API", "Services\Basket\Basket.API\Basket.API.csproj", "{EEE1CE5A-ECA5-4158-A392-D24BEB3DDCDA}"
EndProject
Project("{2150E333-8FDC-42A3-9474-1A3956D46DE8}") = "Discount", "Discount", "{1FDB6BE3-A71C-48D0-9040-3A78FB3901D4}"
EndProject
Project("{9A19103F-16F7-4668-BE54-9A1E7A4F7556}") = "Discount.API", "Services\Discount\Discount.API\Discount.API.csproj", "{318D1F5C-4C30-4437-BB34-71776B811D0D}"
EndProject
Project("{9A19103F-16F7-4668-BE54-9A1E7A4F7556}") = "Discount.Grpc", "Services\Discount\Discount.Grpc\Discount.Grpc.csproj", "{10C9798A-ECC8-4C5E-8CB7-6D7624EED74C}"
EndProject
Project("{2150E333-8FDC-42A3-9474-1A3956D46DE8}") = "Ordering", "Ordering", "{EE11FB1B-C9FD-4A35-82FA-2945E3194AAE}"
EndProject
Project("{9A19103F-16F7-4668-BE54-9A1E7A4F7556}") = "Ordering.API", "Services\Ordering\Ordering.API\Ordering.API.csproj", "{B08CB10B-5728-4233-AE53-A8824B570B7C}"
EndProject
Project("{9A19103F-16F7-4668-BE54-9A1E7A4F7556}") = "Ordering.Domain", "Services\Ordering\Ordering.Domain\Ordering.Domain.csproj", "{808B9840-241F-49F1-8FB0-E4F983D52775}"
EndProject
Project("{9A19103F-16F7-4668-BE54-9A1E7A4F7556}") = "Ordering.Application", "Services\Ordering\Ordering.Application\Ordering.Application.csproj", "{DFACFED8-414C-4804-B28A-3FA90AB2FA81}"
EndProject
Project("{9A19103F-16F7-4668-BE54-9A1E7A4F7556}") = "Ordering.Infrastructure", "Services\Ordering\Ordering.Infrastructure\Ordering.Infrastructure.csproj", "{49AABB94-1757-4D2A-8347-489C373ACE64}"
EndProject
Project("{2150E333-8FDC-42A3-9474-1A3956D46DE8}") = "BuildingBlocks", "BuildingBlocks", "{10AD664A-2B07-4970-B94A-DA67A19E566D}"
EndProject
Project("{9A19103F-16F7-4668-BE54-9A1E7A4F7556}") = "EventBus.Messages", "BuildingBlocks\EventBus.Messages\EventBus.Messages.csproj", "{BFC655F4-2EEB-4501-9A5E-74EEF8B96524}"
EndProject
Project("{2150E333-8FDC-42A3-9474-1A3956D46DE8}") = "ApiGateways", "ApiGateways", "{8E03AF76-B18F-4BB1-969B-87F2F9C5D591}"
EndProject
Project("{9A19103F-16F7-4668-BE54-9A1E7A4F7556}") = "OcelotApiGw", "ApiGateways\OcelotApiGw\OcelotApiGw.csproj", "{FD843845-D13D-4A95-9827-68CC4787592B}"
EndProject
Project("{9A19103F-16F7-4668-BE54-9A1E7A4F7556}") = "Shopping.Aggregator", "ApiGateways\Shopping.Aggregator\Shopping.Aggregator.csproj", "{71F42A27-2C3E-45E4-AAD3-BF6B857046AD}"
EndProject
Project("{2150E333-8FDC-42A3-9474-1A3956D46DE8}") = "WebApps", "WebApps", "{9CA4151C-0B5D-450F-AC1C-5EB08F6B309E}"
EndProject
Project("{9A19103F-16F7-4668-BE54-9A1E7A4F7556}") = "AspnetRunBasics", "WebApps\AspnetRunBasics\AspnetRunBasics.csproj", "{6B25DE38-FFB0-4307-93D5-6ED24A477E0D}"
EndProject
Global
	GlobalSection(SolutionConfigurationPlatforms) = preSolution
		Debug|Any CPU = Debug|Any CPU
		Release|Any CPU = Release|Any CPU
	EndGlobalSection
	GlobalSection(ProjectConfigurationPlatforms) = postSolution
		{2D1A4810-EB19-4194-BCB5-F67E7CE4A0F7}.Debug|Any CPU.ActiveCfg = Debug|Any CPU
		{2D1A4810-EB19-4194-BCB5-F67E7CE4A0F7}.Debug|Any CPU.Build.0 = Debug|Any CPU
		{2D1A4810-EB19-4194-BCB5-F67E7CE4A0F7}.Release|Any CPU.ActiveCfg = Release|Any CPU
		{2D1A4810-EB19-4194-BCB5-F67E7CE4A0F7}.Release|Any CPU.Build.0 = Release|Any CPU
		{65491581-2CFA-4834-8965-C75F316F0647}.Debug|Any CPU.ActiveCfg = Debug|Any CPU
		{65491581-2CFA-4834-8965-C75F316F0647}.Debug|Any CPU.Build.0 = Debug|Any CPU
		{65491581-2CFA-4834-8965-C75F316F0647}.Release|Any CPU.ActiveCfg = Release|Any CPU
		{65491581-2CFA-4834-8965-C75F316F0647}.Release|Any CPU.Build.0 = Release|Any CPU
		{EEE1CE5A-ECA5-4158-A392-D24BEB3DDCDA}.Debug|Any CPU.ActiveCfg = Debug|Any CPU
		{EEE1CE5A-ECA5-4158-A392-D24BEB3DDCDA}.Debug|Any CPU.Build.0 = Debug|Any CPU
		{EEE1CE5A-ECA5-4158-A392-D24BEB3DDCDA}.Release|Any CPU.ActiveCfg = Release|Any CPU
		{EEE1CE5A-ECA5-4158-A392-D24BEB3DDCDA}.Release|Any CPU.Build.0 = Release|Any CPU
		{318D1F5C-4C30-4437-BB34-71776B811D0D}.Debug|Any CPU.ActiveCfg = Debug|Any CPU
		{318D1F5C-4C30-4437-BB34-71776B811D0D}.Debug|Any CPU.Build.0 = Debug|Any CPU
		{318D1F5C-4C30-4437-BB34-71776B811D0D}.Release|Any CPU.ActiveCfg = Release|Any CPU
		{318D1F5C-4C30-4437-BB34-71776B811D0D}.Release|Any CPU.Build.0 = Release|Any CPU
		{10C9798A-ECC8-4C5E-8CB7-6D7624EED74C}.Debug|Any CPU.ActiveCfg = Debug|Any CPU
		{10C9798A-ECC8-4C5E-8CB7-6D7624EED74C}.Debug|Any CPU.Build.0 = Debug|Any CPU
		{10C9798A-ECC8-4C5E-8CB7-6D7624EED74C}.Release|Any CPU.ActiveCfg = Release|Any CPU
		{10C9798A-ECC8-4C5E-8CB7-6D7624EED74C}.Release|Any CPU.Build.0 = Release|Any CPU
		{B08CB10B-5728-4233-AE53-A8824B570B7C}.Debug|Any CPU.ActiveCfg = Debug|Any CPU
		{B08CB10B-5728-4233-AE53-A8824B570B7C}.Debug|Any CPU.Build.0 = Debug|Any CPU
		{B08CB10B-5728-4233-AE53-A8824B570B7C}.Release|Any CPU.ActiveCfg = Release|Any CPU
		{B08CB10B-5728-4233-AE53-A8824B570B7C}.Release|Any CPU.Build.0 = Release|Any CPU
		{808B9840-241F-49F1-8FB0-E4F983D52775}.Debug|Any CPU.ActiveCfg = Debug|Any CPU
		{808B9840-241F-49F1-8FB0-E4F983D52775}.Debug|Any CPU.Build.0 = Debug|Any CPU
		{808B9840-241F-49F1-8FB0-E4F983D52775}.Release|Any CPU.ActiveCfg = Release|Any CPU
		{808B9840-241F-49F1-8FB0-E4F983D52775}.Release|Any CPU.Build.0 = Release|Any CPU
		{DFACFED8-414C-4804-B28A-3FA90AB2FA81}.Debug|Any CPU.ActiveCfg = Debug|Any CPU
		{DFACFED8-414C-4804-B28A-3FA90AB2FA81}.Debug|Any CPU.Build.0 = Debug|Any CPU
		{DFACFED8-414C-4804-B28A-3FA90AB2FA81}.Release|Any CPU.ActiveCfg = Release|Any CPU
		{DFACFED8-414C-4804-B28A-3FA90AB2FA81}.Release|Any CPU.Build.0 = Release|Any CPU
		{49AABB94-1757-4D2A-8347-489C373ACE64}.Debug|Any CPU.ActiveCfg = Debug|Any CPU
		{49AABB94-1757-4D2A-8347-489C373ACE64}.Debug|Any CPU.Build.0 = Debug|Any CPU
		{49AABB94-1757-4D2A-8347-489C373ACE64}.Release|Any CPU.ActiveCfg = Release|Any CPU
		{49AABB94-1757-4D2A-8347-489C373ACE64}.Release|Any CPU.Build.0 = Release|Any CPU
		{BFC655F4-2EEB-4501-9A5E-74EEF8B96524}.Debug|Any CPU.ActiveCfg = Debug|Any CPU
		{BFC655F4-2EEB-4501-9A5E-74EEF8B96524}.Debug|Any CPU.Build.0 = Debug|Any CPU
		{BFC655F4-2EEB-4501-9A5E-74EEF8B96524}.Release|Any CPU.ActiveCfg = Release|Any CPU
		{BFC655F4-2EEB-4501-9A5E-74EEF8B96524}.Release|Any CPU.Build.0 = Release|Any CPU
		{FD843845-D13D-4A95-9827-68CC4787592B}.Debug|Any CPU.ActiveCfg = Debug|Any CPU
		{FD843845-D13D-4A95-9827-68CC4787592B}.Debug|Any CPU.Build.0 = Debug|Any CPU
		{FD843845-D13D-4A95-9827-68CC4787592B}.Release|Any CPU.ActiveCfg = Release|Any CPU
		{FD843845-D13D-4A95-9827-68CC4787592B}.Release|Any CPU.Build.0 = Release|Any CPU
		{71F42A27-2C3E-45E4-AAD3-BF6B857046AD}.Debug|Any CPU.ActiveCfg = Debug|Any CPU
		{71F42A27-2C3E-45E4-AAD3-BF6B857046AD}.Debug|Any CPU.Build.0 = Debug|Any CPU
		{71F42A27-2C3E-45E4-AAD3-BF6B857046AD}.Release|Any CPU.ActiveCfg = Release|Any CPU
		{71F42A27-2C3E-45E4-AAD3-BF6B857046AD}.Release|Any CPU.Build.0 = Release|Any CPU
		{6B25DE38-FFB0-4307-93D5-6ED24A477E0D}.Debug|Any CPU.ActiveCfg = Debug|Any CPU
		{6B25DE38-FFB0-4307-93D5-6ED24A477E0D}.Debug|Any CPU.Build.0 = Debug|Any CPU
		{6B25DE38-FFB0-4307-93D5-6ED24A477E0D}.Release|Any CPU.ActiveCfg = Release|Any CPU
		{6B25DE38-FFB0-4307-93D5-6ED24A477E0D}.Release|Any CPU.Build.0 = Release|Any CPU
	EndGlobalSection
	GlobalSection(SolutionProperties) = preSolution
		HideSolutionNode = FALSE
	EndGlobalSection
	GlobalSection(NestedProjects) = preSolution
		{E3FEBFC7-EF54-4289-8A6C-B9E113C9B451} = {24D5B56C-30E7-422A-9852-FA54CE75BA10}
		{2D1A4810-EB19-4194-BCB5-F67E7CE4A0F7} = {E3FEBFC7-EF54-4289-8A6C-B9E113C9B451}
		{B1A1074C-7B72-4272-AE00-DEF008C87D7F} = {24D5B56C-30E7-422A-9852-FA54CE75BA10}
		{EEE1CE5A-ECA5-4158-A392-D24BEB3DDCDA} = {B1A1074C-7B72-4272-AE00-DEF008C87D7F}
		{1FDB6BE3-A71C-48D0-9040-3A78FB3901D4} = {24D5B56C-30E7-422A-9852-FA54CE75BA10}
		{318D1F5C-4C30-4437-BB34-71776B811D0D} = {1FDB6BE3-A71C-48D0-9040-3A78FB3901D4}
		{10C9798A-ECC8-4C5E-8CB7-6D7624EED74C} = {1FDB6BE3-A71C-48D0-9040-3A78FB3901D4}
		{EE11FB1B-C9FD-4A35-82FA-2945E3194AAE} = {24D5B56C-30E7-422A-9852-FA54CE75BA10}
		{B08CB10B-5728-4233-AE53-A8824B570B7C} = {EE11FB1B-C9FD-4A35-82FA-2945E3194AAE}
		{808B9840-241F-49F1-8FB0-E4F983D52775} = {EE11FB1B-C9FD-4A35-82FA-2945E3194AAE}
		{DFACFED8-414C-4804-B28A-3FA90AB2FA81} = {EE11FB1B-C9FD-4A35-82FA-2945E3194AAE}
		{49AABB94-1757-4D2A-8347-489C373ACE64} = {EE11FB1B-C9FD-4A35-82FA-2945E3194AAE}
		{BFC655F4-2EEB-4501-9A5E-74EEF8B96524} = {10AD664A-2B07-4970-B94A-DA67A19E566D}
		{FD843845-D13D-4A95-9827-68CC4787592B} = {8E03AF76-B18F-4BB1-969B-87F2F9C5D591}
		{71F42A27-2C3E-45E4-AAD3-BF6B857046AD} = {8E03AF76-B18F-4BB1-969B-87F2F9C5D591}
		{6B25DE38-FFB0-4307-93D5-6ED24A477E0D} = {9CA4151C-0B5D-450F-AC1C-5EB08F6B309E}
	EndGlobalSection
	GlobalSection(ExtensibilityGlobals) = postSolution
		SolutionGuid = {2008E514-28FA-4351-A595-E74B5856973E}
	EndGlobalSection
EndGlobal
